{
  "requires": true,
  "lockfileVersion": 1,
  "dependencies": {
    "@angular/fire": {
      "version": "5.1.3",
      "resolved": "https://registry.npmjs.org/@angular/fire/-/fire-5.1.3.tgz",
      "integrity": "sha512-s9tdSDS0ZLWKax5atMSxpJWehQ59bKgbzy8uZJVo1vyJw/eshBduuCZbETBj6RmwWhKgrBfgS2odNwKxArE25w=="
    }
  }
}
